// !$*UTF8*$!
{
	archiveVersion = 1;
	classes = {
	};
	objectVersion = 56;
	objects = {

/* Begin PBXBuildFile section */
		410E23372E42334200551944 /* Readme.md in Resources */ = {isa = PBXBuildFile; fileRef = 410E23362E42333A00551944 /* Readme.md */; };
		410E23392E42352F00551944 /* CarListView.swift in Sources */ = {isa = PBXBuildFile; fileRef = 410E23382E42352B00551944 /* CarListView.swift */; };
		5774E8FC24FEA5B400BC4EE3 /* CarListViewController.swift in Sources */ = {isa = PBXBuildFile; fileRef = 5774E8FA24FEA5B400BC4EE3 /* CarListViewController.swift */; };
		63C0F8201C060D5F00DDE7C5 /* Assets.xcassets in Resources */ = {isa = PBXBuildFile; fileRef = 63C0F81F1C060D5F00DDE7C5 /* Assets.xcassets */; };
		63C0F8231C060D5F00DDE7C5 /* LaunchScreen.storyboard in Resources */ = {isa = PBXBuildFile; fileRef = 63C0F8211C060D5F00DDE7C5 /* LaunchScreen.storyboard */; };
		745DD9BF1CB6A02A00E7DF19 /* RequestProvider.swift in Sources */ = {isa = PBXBuildFile; fileRef = 745DD9BE1CB6A02A00E7DF19 /* RequestProvider.swift */; };
		746A26591E4080DF00E77698 /* CarListViewControllerTests.swift in Sources */ = {isa = PBXBuildFile; fileRef = 746A26581E4080DF00E77698 /* CarListViewControllerTests.swift */; };
		F67A50EA1FD6DEA30008E0BF /* AppDelegate.swift in Sources */ = {isa = PBXBuildFile; fileRef = F67A50E91FD6DEA30008E0BF /* AppDelegate.swift */; };
/* End PBXBuildFile section */

/* Begin PBXContainerItemProxy section */
		63C0F82A1C060D5F00DDE7C5 /* PBXContainerItemProxy */ = {
			isa = PBXContainerItemProxy;
			containerPortal = 63C0F8051C060D5F00DDE7C5 /* Project object */;
			proxyType = 1;
			remoteGlobalIDString = 63C0F80C1C060D5F00DDE7C5;
			remoteInfo = OOGPairingTestApp;
		};
/* End PBXContainerItemProxy section */

/* Begin PBXFileReference section */
		410E23362E42333A00551944 /* Readme.md */ = {isa = PBXFileReference; lastKnownFileType = net.daringfireball.markdown; path = Readme.md; sourceTree = "<group>"; };
		410E23382E42352B00551944 /* CarListView.swift */ = {isa = PBXFileReference; lastKnownFileType = sourcecode.swift; path = CarListView.swift; sourceTree = "<group>"; };
		5774E8FA24FEA5B400BC4EE3 /* CarListViewController.swift */ = {isa = PBXFileReference; lastKnownFileType = sourcecode.swift; path = CarListViewController.swift; sourceTree = "<group>"; };
		63C0F80D1C060D5F00DDE7C5 /* TestIOSApp.app */ = {isa = PBXFileReference; explicitFileType = wrapper.application; includeInIndex = 0; path = TestIOSApp.app; sourceTree = BUILT_PRODUCTS_DIR; };
		63C0F81F1C060D5F00DDE7C5 /* Assets.xcassets */ = {isa = PBXFileReference; lastKnownFileType = folder.assetcatalog; path = Assets.xcassets; sourceTree = "<group>"; };
		63C0F8221C060D5F00DDE7C5 /* Base */ = {isa = PBXFileReference; lastKnownFileType = file.storyboard; name = Base; path = Base.lproj/LaunchScreen.storyboard; sourceTree = "<group>"; };
		63C0F8241C060D5F00DDE7C5 /* Info.plist */ = {isa = PBXFileReference; lastKnownFileType = text.plist.xml; path = Info.plist; sourceTree = "<group>"; };
		63C0F8291C060D5F00DDE7C5 /* TestIOSAppTests.xctest */ = {isa = PBXFileReference; explicitFileType = wrapper.cfbundle; includeInIndex = 0; path = TestIOSAppTests.xctest; sourceTree = BUILT_PRODUCTS_DIR; };
		63C0F82F1C060D5F00DDE7C5 /* Info.plist */ = {isa = PBXFileReference; lastKnownFileType = text.plist.xml; path = Info.plist; sourceTree = "<group>"; };
		63C0F83A1C060D5F00DDE7C5 /* Info.plist */ = {isa = PBXFileReference; lastKnownFileType = text.plist.xml; path = Info.plist; sourceTree = "<group>"; };
		745DD9BE1CB6A02A00E7DF19 /* RequestProvider.swift */ = {isa = PBXFileReference; fileEncoding = 4; lastKnownFileType = sourcecode.swift; path = RequestProvider.swift; sourceTree = "<group>"; };
		746A26581E4080DF00E77698 /* CarListViewControllerTests.swift */ = {isa = PBXFileReference; fileEncoding = 4; lastKnownFileType = sourcecode.swift; path = CarListViewControllerTests.swift; sourceTree = "<group>"; };
		F67A50E91FD6DEA30008E0BF /* AppDelegate.swift */ = {isa = PBXFileReference; lastKnownFileType = sourcecode.swift; path = AppDelegate.swift; sourceTree = "<group>"; };
/* End PBXFileReference section */

/* Begin PBXFrameworksBuildPhase section */
		63C0F80A1C060D5F00DDE7C5 /* Frameworks */ = {
			isa = PBXFrameworksBuildPhase;
			buildActionMask = 2147483647;
			files = (
			);
			runOnlyForDeploymentPostprocessing = 0;
		};
		63C0F8261C060D5F00DDE7C5 /* Frameworks */ = {
			isa = PBXFrameworksBuildPhase;
			buildActionMask = 2147483647;
			files = (
			);
			runOnlyForDeploymentPostprocessing = 0;
		};
/* End PBXFrameworksBuildPhase section */

/* Begin PBXGroup section */
		63C0F8041C060D5F00DDE7C5 = {
			isa = PBXGroup;
			children = (
				63C0F80F1C060D5F00DDE7C5 /* TestIOSApp */,
				63C0F82C1C060D5F00DDE7C5 /* TestIOSAppTests */,
				63C0F8371C060D5F00DDE7C5 /* TestIOSAppUITests */,
				63C0F80E1C060D5F00DDE7C5 /* Products */,
			);
			sourceTree = "<group>";
		};
		63C0F80E1C060D5F00DDE7C5 /* Products */ = {
			isa = PBXGroup;
			children = (
				63C0F80D1C060D5F00DDE7C5 /* TestIOSApp.app */,
				63C0F8291C060D5F00DDE7C5 /* TestIOSAppTests.xctest */,
			);
			name = Products;
			sourceTree = "<group>";
		};
		63C0F80F1C060D5F00DDE7C5 /* TestIOSApp */ = {
			isa = PBXGroup;
			children = (
				63C0F8241C060D5F00DDE7C5 /* Info.plist */,
				63C0F8211C060D5F00DDE7C5 /* LaunchScreen.storyboard */,
				F67A50E91FD6DEA30008E0BF /* AppDelegate.swift */,
				410E23362E42333A00551944 /* Readme.md */,
				745DD9BE1CB6A02A00E7DF19 /* RequestProvider.swift */,
				5774E8FA24FEA5B400BC4EE3 /* CarListViewController.swift */,
				410E23382E42352B00551944 /* CarListView.swift */,
				63C0F81F1C060D5F00DDE7C5 /* Assets.xcassets */,
			);
			path = TestIOSApp;
			sourceTree = "<group>";
		};
		63C0F82C1C060D5F00DDE7C5 /* TestIOSAppTests */ = {
			isa = PBXGroup;
			children = (
				746A26571E40805700E77698 /* ViewControllers */,
				63C0F82F1C060D5F00DDE7C5 /* Info.plist */,
			);
			path = TestIOSAppTests;
			sourceTree = "<group>";
		};
		63C0F8371C060D5F00DDE7C5 /* TestIOSAppUITests */ = {
			isa = PBXGroup;
			children = (
				63C0F83A1C060D5F00DDE7C5 /* Info.plist */,
			);
			path = TestIOSAppUITests;
			sourceTree = "<group>";
		};
		746A26571E40805700E77698 /* ViewControllers */ = {
			isa = PBXGroup;
			children = (
				746A26581E4080DF00E77698 /* CarListViewControllerTests.swift */,
			);
			name = ViewControllers;
			sourceTree = "<group>";
		};
/* End PBXGroup section */

/* Begin PBXNativeTarget section */
		63C0F80C1C060D5F00DDE7C5 /* TestIOSApp */ = {
			isa = PBXNativeTarget;
			buildConfigurationList = 63C0F83D1C060D5F00DDE7C5 /* Build configuration list for PBXNativeTarget "TestIOSApp" */;
			buildPhases = (
				63C0F8091C060D5F00DDE7C5 /* Sources */,
				63C0F80A1C060D5F00DDE7C5 /* Frameworks */,
				63C0F80B1C060D5F00DDE7C5 /* Resources */,
			);
			buildRules = (
			);
			dependencies = (
			);
			name = TestIOSApp;
			productName = OOGPairingTestApp;
			productReference = 63C0F80D1C060D5F00DDE7C5 /* TestIOSApp.app */;
			productType = "com.apple.product-type.application";
		};
		63C0F8281C060D5F00DDE7C5 /* TestIOSAppTests */ = {
			isa = PBXNativeTarget;
			buildConfigurationList = 63C0F8401C060D5F00DDE7C5 /* Build configuration list for PBXNativeTarget "TestIOSAppTests" */;
			buildPhases = (
				63C0F8251C060D5F00DDE7C5 /* Sources */,
				63C0F8261C060D5F00DDE7C5 /* Frameworks */,
				63C0F8271C060D5F00DDE7C5 /* Resources */,
			);
			buildRules = (
			);
			dependencies = (
				63C0F82B1C060D5F00DDE7C5 /* PBXTargetDependency */,
			);
			name = TestIOSAppTests;
			productName = OOGPairingTestAppTests;
			productReference = 63C0F8291C060D5F00DDE7C5 /* TestIOSAppTests.xctest */;
			productType = "com.apple.product-type.bundle.unit-test";
		};
/* End PBXNativeTarget section */

/* Begin PBXProject section */
		63C0F8051C060D5F00DDE7C5 /* Project object */ = {
			isa = PBXProject;
			attributes = {
				BuildIndependentTargetsInParallel = YES;
				LastSwiftUpdateCheck = 0720;
				LastUpgradeCheck = 1510;
				ORGANIZATIONNAME = Test;
				TargetAttributes = {
					63C0F80C1C060D5F00DDE7C5 = {
						CreatedOnToolsVersion = 7.1;
						LastSwiftMigration = 1020;
					};
					63C0F8281C060D5F00DDE7C5 = {
						CreatedOnToolsVersion = 7.1;
						LastSwiftMigration = 1020;
						TestTargetID = 63C0F80C1C060D5F00DDE7C5;
					};
				};
			};
			buildConfigurationList = 63C0F8081C060D5F00DDE7C5 /* Build configuration list for PBXProject "TestIOSApp" */;
			compatibilityVersion = "Xcode 14.0";
			developmentRegion = en;
			hasScannedForEncodings = 0;
			knownRegions = (
				en,
				Base,
			);
			mainGroup = 63C0F8041C060D5F00DDE7C5;
			productRefGroup = 63C0F80E1C060D5F00DDE7C5 /* Products */;
			projectDirPath = "";
			projectRoot = "";
			targets = (
				63C0F80C1C060D5F00DDE7C5 /* TestIOSApp */,
				63C0F8281C060D5F00DDE7C5 /* TestIOSAppTests */,
			);
		};
/* End PBXProject section */

/* Begin PBXResourcesBuildPhase section */
		63C0F80B1C060D5F00DDE7C5 /* Resources */ = {
			isa = PBXResourcesBuildPhase;
			buildActionMask = 2147483647;
			files = (
				63C0F8231C060D5F00DDE7C5 /* LaunchScreen.storyboard in Resources */,
				63C0F8201C060D5F00DDE7C5 /* Assets.xcassets in Resources */,
				410E23372E42334200551944 /* Readme.md in Resources */,
			);
			runOnlyForDeploymentPostprocessing = 0;
		};
		63C0F8271C060D5F00DDE7C5 /* Resources */ = {
			isa = PBXResourcesBuildPhase;
			buildActionMask = 2147483647;
			files = (
			);
			runOnlyForDeploymentPostprocessing = 0;
		};
/* End PBXResourcesBuildPhase section */

/* Begin PBXSourcesBuildPhase section */
		63C0F8091C060D5F00DDE7C5 /* Sources */ = {
			isa = PBXSourcesBuildPhase;
			buildActionMask = 2147483647;
			files = (
				F67A50EA1FD6DEA30008E0BF /* AppDelegate.swift in Sources */,
				410E23392E42352F00551944 /* CarListView.swift in Sources */,
				745DD9BF1CB6A02A00E7DF19 /* RequestProvider.swift in Sources */,
				5774E8FC24FEA5B400BC4EE3 /* CarListViewController.swift in Sources */,
			);
			runOnlyForDeploymentPostprocessing = 0;
		};
		63C0F8251C060D5F00DDE7C5 /* Sources */ = {
			isa = PBXSourcesBuildPhase;
			buildActionMask = 2147483647;
			files = (
				746A26591E4080DF00E77698 /* CarListViewControllerTests.swift in Sources */,
			);
			runOnlyForDeploymentPostprocessing = 0;
		};
/* End PBXSourcesBuildPhase section */

/* Begin PBXTargetDependency section */
		63C0F82B1C060D5F00DDE7C5 /* PBXTargetDependency */ = {
			isa = PBXTargetDependency;
			target = 63C0F80C1C060D5F00DDE7C5 /* TestIOSApp */;
			targetProxy = 63C0F82A1C060D5F00DDE7C5 /* PBXContainerItemProxy */;
		};
/* End PBXTargetDependency section */

/* Begin PBXVariantGroup section */
		63C0F8211C060D5F00DDE7C5 /* LaunchScreen.storyboard */ = {
			isa = PBXVariantGroup;
			children = (
				63C0F8221C060D5F00DDE7C5 /* Base */,
			);
			name = LaunchScreen.storyboard;
			sourceTree = "<group>";
		};
/* End PBXVariantGroup section */

/* Begin XCBuildConfiguration section */
		63C0F83B1C060D5F00DDE7C5 /* Debug */ = {
			isa = XCBuildConfiguration;
			buildSettings = {
				ALWAYS_SEARCH_USER_PATHS = NO;
				ASSETCATALOG_COMPILER_GENERATE_SWIFT_ASSET_SYMBOL_EXTENSIONS = YES;
				CLANG_CXX_LANGUAGE_STANDARD = "gnu++0x";
				CLANG_CXX_LIBRARY = "libc++";
				CLANG_ENABLE_MODULES = YES;
				CLANG_ENABLE_OBJC_ARC = YES;
				CLANG_WARN_BLOCK_CAPTURE_AUTORELEASING = YES;
				CLANG_WARN_BOOL_CONVERSION = YES;
				CLANG_WARN_COMMA = YES;
				CLANG_WARN_CONSTANT_CONVERSION = YES;
				CLANG_WARN_DEPRECATED_OBJC_IMPLEMENTATIONS = YES;
				CLANG_WARN_DIRECT_OBJC_ISA_USAGE = YES_ERROR;
				CLANG_WARN_EMPTY_BODY = YES;
				CLANG_WARN_ENUM_CONVERSION = YES;
				CLANG_WARN_INFINITE_RECURSION = YES;
				CLANG_WARN_INT_CONVERSION = YES;
				CLANG_WARN_NON_LITERAL_NULL_CONVERSION = YES;
				CLANG_WARN_OBJC_IMPLICIT_RETAIN_SELF = YES;
				CLANG_WARN_OBJC_LITERAL_CONVERSION = YES;
				CLANG_WARN_OBJC_ROOT_CLASS = YES_ERROR;
				CLANG_WARN_QUOTED_INCLUDE_IN_FRAMEWORK_HEADER = YES;
				CLANG_WARN_RANGE_LOOP_ANALYSIS = YES;
				CLANG_WARN_STRICT_PROTOTYPES = YES;
				CLANG_WARN_SUSPICIOUS_MOVE = YES;
				CLANG_WARN_UNREACHABLE_CODE = YES;
				CLANG_WARN__DUPLICATE_METHOD_MATCH = YES;
				"CODE_SIGN_IDENTITY[sdk=iphoneos*]" = "iPhone Developer";
				COPY_PHASE_STRIP = NO;
				DEBUG_INFORMATION_FORMAT = dwarf;
				ENABLE_STRICT_OBJC_MSGSEND = YES;
				ENABLE_TESTABILITY = YES;
				ENABLE_USER_SCRIPT_SANDBOXING = YES;
				GCC_C_LANGUAGE_STANDARD = gnu99;
				GCC_DYNAMIC_NO_PIC = NO;
				GCC_NO_COMMON_BLOCKS = YES;
				GCC_OPTIMIZATION_LEVEL = 0;
				GCC_PREPROCESSOR_DEFINITIONS = (
					"DEBUG=1",
					"$(inherited)",
				);
				GCC_WARN_64_TO_32_BIT_CONVERSION = YES;
				GCC_WARN_ABOUT_RETURN_TYPE = YES_ERROR;
				GCC_WARN_UNDECLARED_SELECTOR = YES;
				GCC_WARN_UNINITIALIZED_AUTOS = YES_AGGRESSIVE;
				GCC_WARN_UNUSED_FUNCTION = YES;
				GCC_WARN_UNUSED_VARIABLE = YES;
				IPHONEOS_DEPLOYMENT_TARGET = 16.0;
				MTL_ENABLE_DEBUG_INFO = YES;
				ONLY_ACTIVE_ARCH = YES;
				SDKROOT = iphoneos;
				TARGETED_DEVICE_FAMILY = "1,2";
			};
			name = Debug;
		};
		63C0F83C1C060D5F00DDE7C5 /* Release */ = {
			isa = XCBuildConfiguration;
			buildSettings = {
				ALWAYS_SEARCH_USER_PATHS = NO;
				ASSETCATALOG_COMPILER_GENERATE_SWIFT_ASSET_SYMBOL_EXTENSIONS = YES;
				CLANG_CXX_LANGUAGE_STANDARD = "gnu++0x";
				CLANG_CXX_LIBRARY = "libc++";
				CLANG_ENABLE_MODULES = YES;
				CLANG_ENABLE_OBJC_ARC = YES;
				CLANG_WARN_BLOCK_CAPTURE_AUTORELEASING = YES;
				CLANG_WARN_BOOL_CONVERSION = YES;
				CLANG_WARN_COMMA = YES;
				CLANG_WARN_CONSTANT_CONVERSION = YES;
				CLANG_WARN_DEPRECATED_OBJC_IMPLEMENTATIONS = YES;
				CLANG_WARN_DIRECT_OBJC_ISA_USAGE = YES_ERROR;
				CLANG_WARN_EMPTY_BODY = YES;
				CLANG_WARN_ENUM_CONVERSION = YES;
				CLANG_WARN_INFINITE_RECURSION = YES;
				CLANG_WARN_INT_CONVERSION = YES;
				CLANG_WARN_NON_LITERAL_NULL_CONVERSION = YES;
				CLANG_WARN_OBJC_IMPLICIT_RETAIN_SELF = YES;
				CLANG_WARN_OBJC_LITERAL_CONVERSION = YES;
				CLANG_WARN_OBJC_ROOT_CLASS = YES_ERROR;
				CLANG_WARN_QUOTED_INCLUDE_IN_FRAMEWORK_HEADER = YES;
				CLANG_WARN_RANGE_LOOP_ANALYSIS = YES;
				CLANG_WARN_STRICT_PROTOTYPES = YES;
				CLANG_WARN_SUSPICIOUS_MOVE = YES;
				CLANG_WARN_UNREACHABLE_CODE = YES;
				CLANG_WARN__DUPLICATE_METHOD_MATCH = YES;
				"CODE_SIGN_IDENTITY[sdk=iphoneos*]" = "iPhone Developer";
				COPY_PHASE_STRIP = NO;
				DEBUG_INFORMATION_FORMAT = "dwarf-with-dsym";
				ENABLE_NS_ASSERTIONS = NO;
				ENABLE_STRICT_OBJC_MSGSEND = YES;
				ENABLE_USER_SCRIPT_SANDBOXING = YES;
				GCC_C_LANGUAGE_STANDARD = gnu99;
				GCC_NO_COMMON_BLOCKS = YES;
				GCC_WARN_64_TO_32_BIT_CONVERSION = YES;
				GCC_WARN_ABOUT_RETURN_TYPE = YES_ERROR;
				GCC_WARN_UNDECLARED_SELECTOR = YES;
				GCC_WARN_UNINITIALIZED_AUTOS = YES_AGGRESSIVE;
				GCC_WARN_UNUSED_FUNCTION = YES;
				GCC_WARN_UNUSED_VARIABLE = YES;
				IPHONEOS_DEPLOYMENT_TARGET = 16.0;
				MTL_ENABLE_DEBUG_INFO = NO;
				SDKROOT = iphoneos;
				SWIFT_COMPILATION_MODE = wholemodule;
				SWIFT_OPTIMIZATION_LEVEL = "-O";
				TARGETED_DEVICE_FAMILY = "1,2";
				VALIDATE_PRODUCT = YES;
			};
			name = Release;
		};
		63C0F83E1C060D5F00DDE7C5 /* Debug */ = {
			isa = XCBuildConfiguration;
			buildSettings = {
				ASSETCATALOG_COMPILER_APPICON_NAME = AppIcon;
				CLANG_ENABLE_MODULES = YES;
				CODE_SIGN_STYLE = Manual;
				DEVELOPMENT_TEAM = "";
				INFOPLIST_FILE = "$(SRCROOT)/TestIOSApp/Info.plist";
				IPHONEOS_DEPLOYMENT_TARGET = 17.6;
				LD_RUNPATH_SEARCH_PATHS = (
					"$(inherited)",
					"@executable_path/Frameworks",
				);
				PRODUCT_BUNDLE_IDENTIFIER = com.test.iosapp;
				PRODUCT_NAME = "$(TARGET_NAME)";
				PROVISIONING_PROFILE_SPECIFIER = "";
				SUPPORTED_PLATFORMS = "iphoneos iphonesimulator";
				SUPPORTS_MACCATALYST = NO;
				SUPPORTS_MAC_DESIGNED_FOR_IPHONE_IPAD = NO;
				SUPPORTS_XR_DESIGNED_FOR_IPHONE_IPAD = NO;
				SWIFT_OPTIMIZATION_LEVEL = "-Onone";
				SWIFT_VERSION = 5.0;
				TARGETED_DEVICE_FAMILY = 1;
			};
			name = Debug;
		};
		63C0F83F1C060D5F00DDE7C5 /* Release */ = {
			isa = XCBuildConfiguration;
			buildSettings = {
				ASSETCATALOG_COMPILER_APPICON_NAME = AppIcon;
				CLANG_ENABLE_MODULES = YES;
				CODE_SIGN_STYLE = Manual;
				DEVELOPMENT_TEAM = "";
				INFOPLIST_FILE = "$(SRCROOT)/TestIOSApp/Info.plist";
				IPHONEOS_DEPLOYMENT_TARGET = 17.6;
				LD_RUNPATH_SEARCH_PATHS = (
					"$(inherited)",
					"@executable_path/Frameworks",
				);
				PRODUCT_BUNDLE_IDENTIFIER = com.test.iosapp;
				PRODUCT_NAME = "$(TARGET_NAME)";
				PROVISIONING_PROFILE_SPECIFIER = "";
				SUPPORTED_PLATFORMS = "iphoneos iphonesimulator";
				SUPPORTS_MACCATALYST = NO;
				SUPPORTS_MAC_DESIGNED_FOR_IPHONE_IPAD = NO;
				SUPPORTS_XR_DESIGNED_FOR_IPHONE_IPAD = NO;
				SWIFT_VERSION = 5.0;
				TARGETED_DEVICE_FAMILY = 1;
			};
			name = Release;
		};
		63C0F8411C060D5F00DDE7C5 /* Debug */ = {
			isa = XCBuildConfiguration;
			buildSettings = {
				BUNDLE_LOADER = "$(TEST_HOST)";
				CLANG_ENABLE_MODULES = YES;
				CODE_SIGN_IDENTITY = "Apple Development";
				CODE_SIGN_STYLE = Automatic;
				DEVELOPMENT_TEAM = "";
				INFOPLIST_FILE = "$(SRCROOT)/TestIOSApp/Info.plist";
				IPHONEOS_DEPLOYMENT_TARGET = 17.6;
				LD_RUNPATH_SEARCH_PATHS = (
					"$(inherited)",
					"@executable_path/Frameworks",
					"@loader_path/Frameworks",
				);
				PRODUCT_BUNDLE_IDENTIFIER = com.test.iosapp.iosapptests;
				PRODUCT_NAME = "$(TARGET_NAME)";
				PROVISIONING_PROFILE_SPECIFIER = "";
				SWIFT_OPTIMIZATION_LEVEL = "-Onone";
				SWIFT_VERSION = 5.0;
				TEST_HOST = "$(BUILT_PRODUCTS_DIR)/TestIOSApp.app/TestIOSApp";
			};
			name = Debug;
		};
		63C0F8421C060D5F00DDE7C5 /* Release */ = {
			isa = XCBuildConfiguration;
			buildSettings = {
				BUNDLE_LOADER = "$(TEST_HOST)";
				CLANG_ENABLE_MODULES = YES;
				CODE_SIGN_IDENTITY = "Apple Development";
				CODE_SIGN_STYLE = Automatic;
				DEVELOPMENT_TEAM = "";
				INFOPLIST_FILE = "$(SRCROOT)/TestIOSApp/Info.plist";
				IPHONEOS_DEPLOYMENT_TARGET = 17.6;
				LD_RUNPATH_SEARCH_PATHS = (
					"$(inherited)",
					"@executable_path/Frameworks",
					"@loader_path/Frameworks",
				);
				PRODUCT_BUNDLE_IDENTIFIER = com.test.iosapp.iosapptests;
				PRODUCT_NAME = "$(TARGET_NAME)";
				PROVISIONING_PROFILE_SPECIFIER = "";
				SWIFT_VERSION = 5.0;
				TEST_HOST = "$(BUILT_PRODUCTS_DIR)/TestIOSApp.app/TestIOSApp";
			};
			name = Release;
		};
/* End XCBuildConfiguration section */

/* Begin XCConfigurationList section */
		63C0F8081C060D5F00DDE7C5 /* Build configuration list for PBXProject "TestIOSApp" */ = {
			isa = XCConfigurationList;
			buildConfigurations = (
				63C0F83B1C060D5F00DDE7C5 /* Debug */,
				63C0F83C1C060D5F00DDE7C5 /* Release */,
			);
			defaultConfigurationIsVisible = 0;
			defaultConfigurationName = Release;
		};
		63C0F83D1C060D5F00DDE7C5 /* Build configuration list for PBXNativeTarget "TestIOSApp" */ = {
			isa = XCConfigurationList;
			buildConfigurations = (
				63C0F83E1C060D5F00DDE7C5 /* Debug */,
				63C0F83F1C060D5F00DDE7C5 /* Release */,
			);
			defaultConfigurationIsVisible = 0;
			defaultConfigurationName = Release;
		};
		63C0F8401C060D5F00DDE7C5 /* Build configuration list for PBXNativeTarget "TestIOSAppTests" */ = {
			isa = XCConfigurationList;
			buildConfigurations = (
				63C0F8411C060D5F00DDE7C5 /* Debug */,
				63C0F8421C060D5F00DDE7C5 /* Release */,
			);
			defaultConfigurationIsVisible = 0;
			defaultConfigurationName = Release;
		};
/* End XCConfigurationList section */
	};
	rootObject = 63C0F8051C060D5F00DDE7C5 /* Project object */;
}
